PODS:
  - CollectionViewPagingLayout (1.1.0)
  - Splash (0.13.0)

DEPENDENCIES:
  - CollectionViewPagingLayout (from `./../`)
  - Splash (from `./../../Splash`)

EXTERNAL SOURCES:
  CollectionViewPagingLayout:
    :path: "./../"
  Splash:
    :path: "./../../Splash"

SPEC CHECKSUMS:
  CollectionViewPagingLayout: 2f8d50683bae57ca88f47fa4ab0195c9079582cf
  Splash: 4834d2a4a2f054bd237ce9b356dfea3045c4b121

PODFILE CHECKSUM: 849583e7f237bee693d0b8a250e9143c3f0ad773

COCOAPODS: 1.15.2
